// !$*UTF8*$!
{
	archiveVersion = 1;
	classes = {
	};
	objectVersion = 50;
	objects = {

/* Begin PBXBuildFile section */
		3E137F31224397B4003F2424 /* AppDelegate.swift in Sources */ = {isa = PBXBuildFile; fileRef = 3E137F30224397B4003F2424 /* AppDelegate.swift */; };
		3E137F33224397B4003F2424 /* ViewController.swift in Sources */ = {isa = PBXBuildFile; fileRef = 3E137F32224397B4003F2424 /* ViewController.swift */; };
		3E137F36224397B4003F2424 /* Main.storyboard in Resources */ = {isa = PBXBuildFile; fileRef = 3E137F34224397B4003F2424 /* Main.storyboard */; };
		3E137F38224397BE003F2424 /* Assets.xcassets in Resources */ = {isa = PBXBuildFile; fileRef = 3E137F37224397BE003F2424 /* Assets.xcassets */; };
		3E137F3B224397BE003F2424 /* LaunchScreen.storyboard in Resources */ = {isa = PBXBuildFile; fileRef = 3E137F39224397BE003F2424 /* LaunchScreen.storyboard */; };
		3E137F46224397BF003F2424 /* VideoPlayerTests.swift in Sources */ = {isa = PBXBuildFile; fileRef = 3E137F45224397BF003F2424 /* VideoPlayerTests.swift */; };
		3E137F51224397BF003F2424 /* VideoPlayerUITests.swift in Sources */ = {isa = PBXBuildFile; fileRef = 3E137F50224397BF003F2424 /* VideoPlayerUITests.swift */; };
		3E137F60224397DD003F2424 /* AVFoundation.framework in Frameworks */ = {isa = PBXBuildFile; fileRef = 3E137F5F224397DD003F2424 /* AVFoundation.framework */; };
		3E4A5AD92244904E00D7BD61 /* HZSVideoPlayerView.swift in Sources */ = {isa = PBXBuildFile; fileRef = 3E4A5AD82244904E00D7BD61 /* HZSVideoPlayerView.swift */; };
/* End PBXBuildFile section */

/* Begin PBXContainerItemProxy section */
		3E137F42224397BF003F2424 /* PBXContainerItemProxy */ = {
			isa = PBXContainerItemProxy;
			containerPortal = 3E137F25224397B4003F2424 /* Project object */;
			proxyType = 1;
			remoteGlobalIDString = 3E137F2C224397B4003F2424;
			remoteInfo = VideoPlayer;
		};
		3E137F4D224397BF003F2424 /* PBXContainerItemProxy */ = {
			isa = PBXContainerItemProxy;
			containerPortal = 3E137F25224397B4003F2424 /* Project object */;
			proxyType = 1;
			remoteGlobalIDString = 3E137F2C224397B4003F2424;
			remoteInfo = VideoPlayer;
		};
/* End PBXContainerItemProxy section */

/* Begin PBXFileReference section */
		3E137F2D224397B4003F2424 /* VideoPlayer.app */ = {isa = PBXFileReference; explicitFileType = wrapper.application; includeInIndex = 0; path = VideoPlayer.app; sourceTree = BUILT_PRODUCTS_DIR; };
		3E137F30224397B4003F2424 /* AppDelegate.swift */ = {isa = PBXFileReference; lastKnownFileType = sourcecode.swift; path = AppDelegate.swift; sourceTree = "<group>"; };
		3E137F32224397B4003F2424 /* ViewController.swift */ = {isa = PBXFileReference; lastKnownFileType = sourcecode.swift; path = ViewController.swift; sourceTree = "<group>"; };
		3E137F35224397B4003F2424 /* Base */ = {isa = PBXFileReference; lastKnownFileType = file.storyboard; name = Base; path = Base.lproj/Main.storyboard; sourceTree = "<group>"; };
		3E137F37224397BE003F2424 /* Assets.xcassets */ = {isa = PBXFileReference; lastKnownFileType = folder.assetcatalog; path = Assets.xcassets; sourceTree = "<group>"; };
		3E137F3A224397BE003F2424 /* Base */ = {isa = PBXFileReference; lastKnownFileType = file.storyboard; name = Base; path = Base.lproj/LaunchScreen.storyboard; sourceTree = "<group>"; };
		3E137F3C224397BE003F2424 /* Info.plist */ = {isa = PBXFileReference; lastKnownFileType = text.plist.xml; path = Info.plist; sourceTree = "<group>"; };
		3E137F41224397BF003F2424 /* VideoPlayerTests.xctest */ = {isa = PBXFileReference; explicitFileType = wrapper.cfbundle; includeInIndex = 0; path = VideoPlayerTests.xctest; sourceTree = BUILT_PRODUCTS_DIR; };
		3E137F45224397BF003F2424 /* VideoPlayerTests.swift */ = {isa = PBXFileReference; lastKnownFileType = sourcecode.swift; path = VideoPlayerTests.swift; sourceTree = "<group>"; };
		3E137F47224397BF003F2424 /* Info.plist */ = {isa = PBXFileReference; lastKnownFileType = text.plist.xml; path = Info.plist; sourceTree = "<group>"; };
		3E137F4C224397BF003F2424 /* VideoPlayerUITests.xctest */ = {isa = PBXFileReference; explicitFileType = wrapper.cfbundle; includeInIndex = 0; path = VideoPlayerUITests.xctest; sourceTree = BUILT_PRODUCTS_DIR; };
		3E137F50224397BF003F2424 /* VideoPlayerUITests.swift */ = {isa = PBXFileReference; lastKnownFileType = sourcecode.swift; path = VideoPlayerUITests.swift; sourceTree = "<group>"; };
		3E137F52224397BF003F2424 /* Info.plist */ = {isa = PBXFileReference; lastKnownFileType = text.plist.xml; path = Info.plist; sourceTree = "<group>"; };
		3E137F5F224397DD003F2424 /* AVFoundation.framework */ = {isa = PBXFileReference; lastKnownFileType = wrapper.framework; name = AVFoundation.framework; path = System/Library/Frameworks/AVFoundation.framework; sourceTree = SDKROOT; };
		3E4A5AD82244904E00D7BD61 /* HZSVideoPlayerView.swift */ = {isa = PBXFileReference; lastKnownFileType = sourcecode.swift; path = HZSVideoPlayerView.swift; sourceTree = "<group>"; };
/* End PBXFileReference section */

/* Begin PBXFrameworksBuildPhase section */
		3E137F2A224397B4003F2424 /* Frameworks */ = {
			isa = PBXFrameworksBuildPhase;
			buildActionMask = 2147483647;
			files = (
				3E137F60224397DD003F2424 /* AVFoundation.framework in Frameworks */,
			);
			runOnlyForDeploymentPostprocessing = 0;
		};
		3E137F3E224397BF003F2424 /* Frameworks */ = {
			isa = PBXFrameworksBuildPhase;
			buildActionMask = 2147483647;
			files = (
			);
			runOnlyForDeploymentPostprocessing = 0;
		};
		3E137F49224397BF003F2424 /* Frameworks */ = {
			isa = PBXFrameworksBuildPhase;
			buildActionMask = 2147483647;
			files = (
			);
			runOnlyForDeploymentPostprocessing = 0;
		};
/* End PBXFrameworksBuildPhase section */

/* Begin PBXGroup section */
		3E137F24224397B4003F2424 = {
			isa = PBXGroup;
			children = (
				3E137F2F224397B4003F2424 /* VideoPlayer */,
				3E137F44224397BF003F2424 /* VideoPlayerTests */,
				3E137F4F224397BF003F2424 /* VideoPlayerUITests */,
				3E137F2E224397B4003F2424 /* Products */,
				3E137F5E224397DD003F2424 /* Frameworks */,
			);
			sourceTree = "<group>";
		};
		3E137F2E224397B4003F2424 /* Products */ = {
			isa = PBXGroup;
			children = (
				3E137F2D224397B4003F2424 /* VideoPlayer.app */,
				3E137F41224397BF003F2424 /* VideoPlayerTests.xctest */,
				3E137F4C224397BF003F2424 /* VideoPlayerUITests.xctest */,
			);
			name = Products;
			sourceTree = "<group>";
		};
		3E137F2F224397B4003F2424 /* VideoPlayer */ = {
			isa = PBXGroup;
			children = (
				3E137F30224397B4003F2424 /* AppDelegate.swift */,
				3E137F32224397B4003F2424 /* ViewController.swift */,
				3E137F34224397B4003F2424 /* Main.storyboard */,
				3E137F37224397BE003F2424 /* Assets.xcassets */,
				3E137F39224397BE003F2424 /* LaunchScreen.storyboard */,
				3E137F3C224397BE003F2424 /* Info.plist */,
				3E4A5AD82244904E00D7BD61 /* HZSVideoPlayerView.swift */,
			);
			path = VideoPlayer;
			sourceTree = "<group>";
		};
		3E137F44224397BF003F2424 /* VideoPlayerTests */ = {
			isa = PBXGroup;
			children = (
				3E137F45224397BF003F2424 /* VideoPlayerTests.swift */,
				3E137F47224397BF003F2424 /* Info.plist */,
			);
			path = VideoPlayerTests;
			sourceTree = "<group>";
		};
		3E137F4F224397BF003F2424 /* VideoPlayerUITests */ = {
			isa = PBXGroup;
			children = (
				3E137F50224397BF003F2424 /* VideoPlayerUITests.swift */,
				3E137F52224397BF003F2424 /* Info.plist */,
			);
			path = VideoPlayerUITests;
			sourceTree = "<group>";
		};
		3E137F5E224397DD003F2424 /* Frameworks */ = {
			isa = PBXGroup;
			children = (
				3E137F5F224397DD003F2424 /* AVFoundation.framework */,
			);
			name = Frameworks;
			sourceTree = "<group>";
		};
/* End PBXGroup section */

/* Begin PBXNativeTarget section */
		3E137F2C224397B4003F2424 /* VideoPlayer */ = {
			isa = PBXNativeTarget;
			buildConfigurationList = 3E137F55224397BF003F2424 /* Build configuration list for PBXNativeTarget "VideoPlayer" */;
			buildPhases = (
				3E137F29224397B4003F2424 /* Sources */,
				3E137F2A224397B4003F2424 /* Frameworks */,
				3E137F2B224397B4003F2424 /* Resources */,
			);
			buildRules = (
			);
			dependencies = (
			);
			name = VideoPlayer;
			productName = VideoPlayer;
			productReference = 3E137F2D224397B4003F2424 /* VideoPlayer.app */;
			productType = "com.apple.product-type.application";
		};
		3E137F40224397BF003F2424 /* VideoPlayerTests */ = {
			isa = PBXNativeTarget;
			buildConfigurationList = 3E137F58224397BF003F2424 /* Build configuration list for PBXNativeTarget "VideoPlayerTests" */;
			buildPhases = (
				3E137F3D224397BF003F2424 /* Sources */,
				3E137F3E224397BF003F2424 /* Frameworks */,
				3E137F3F224397BF003F2424 /* Resources */,
			);
			buildRules = (
			);
			dependencies = (
				3E137F43224397BF003F2424 /* PBXTargetDependency */,
			);
			name = VideoPlayerTests;
			productName = VideoPlayerTests;
			productReference = 3E137F41224397BF003F2424 /* VideoPlayerTests.xctest */;
			productType = "com.apple.product-type.bundle.unit-test";
		};
		3E137F4B224397BF003F2424 /* VideoPlayerUITests */ = {
			isa = PBXNativeTarget;
			buildConfigurationList = 3E137F5B224397BF003F2424 /* Build configuration list for PBXNativeTarget "VideoPlayerUITests" */;
			buildPhases = (
				3E137F48224397BF003F2424 /* Sources */,
				3E137F49224397BF003F2424 /* Frameworks */,
				3E137F4A224397BF003F2424 /* Resources */,
			);
			buildRules = (
			);
			dependencies = (
				3E137F4E224397BF003F2424 /* PBXTargetDependency */,
			);
			name = VideoPlayerUITests;
			productName = VideoPlayerUITests;
			productReference = 3E137F4C224397BF003F2424 /* VideoPlayerUITests.xctest */;
			productType = "com.apple.product-type.bundle.ui-testing";
		};
/* End PBXNativeTarget section */

/* Begin PBXProject section */
		3E137F25224397B4003F2424 /* Project object */ = {
			isa = PBXProject;
			attributes = {
				LastSwiftUpdateCheck = 1020;
				LastUpgradeCheck = 1020;
				ORGANIZATIONNAME = weiphone;
				TargetAttributes = {
					3E137F2C224397B4003F2424 = {
						CreatedOnToolsVersion = 10.2;
					};
					3E137F40224397BF003F2424 = {
						CreatedOnToolsVersion = 10.2;
						TestTargetID = 3E137F2C224397B4003F2424;
					};
					3E137F4B224397BF003F2424 = {
						CreatedOnToolsVersion = 10.2;
						TestTargetID = 3E137F2C224397B4003F2424;
					};
				};
			};
			buildConfigurationList = 3E137F28224397B4003F2424 /* Build configuration list for PBXProject "VideoPlayer" */;
			compatibilityVersion = "Xcode 9.3";
			developmentRegion = en;
			hasScannedForEncodings = 0;
			knownRegions = (
				en,
				Base,
			);
			mainGroup = 3E137F24224397B4003F2424;
			productRefGroup = 3E137F2E224397B4003F2424 /* Products */;
			projectDirPath = "";
			projectRoot = "";
			targets = (
				3E137F2C224397B4003F2424 /* VideoPlayer */,
				3E137F40224397BF003F2424 /* VideoPlayerTests */,
				3E137F4B224397BF003F2424 /* VideoPlayerUITests */,
			);
		};
/* End PBXProject section */

/* Begin PBXResourcesBuildPhase section */
		3E137F2B224397B4003F2424 /* Resources */ = {
			isa = PBXResourcesBuildPhase;
			buildActionMask = 2147483647;
			files = (
				3E137F3B224397BE003F2424 /* LaunchScreen.storyboard in Resources */,
				3E137F38224397BE003F2424 /* Assets.xcassets in Resources */,
				3E137F36224397B4003F2424 /* Main.storyboard in Resources */,
			);
			runOnlyForDeploymentPostprocessing = 0;
		};
		3E137F3F224397BF003F2424 /* Resources */ = {
			isa = PBXResourcesBuildPhase;
			buildActionMask = 2147483647;
			files = (
			);
			runOnlyForDeploymentPostprocessing = 0;
		};
		3E137F4A224397BF003F2424 /* Resources */ = {
			isa = PBXResourcesBuildPhase;
			buildActionMask = 2147483647;
			files = (
			);
			runOnlyForDeploymentPostprocessing = 0;
		};
/* End PBXResourcesBuildPhase section */

/* Begin PBXSourcesBuildPhase section */
		3E137F29224397B4003F2424 /* Sources */ = {
			isa = PBXSourcesBuildPhase;
			buildActionMask = 2147483647;
			files = (
				3E137F33224397B4003F2424 /* ViewController.swift in Sources */,
				3E4A5AD92244904E00D7BD61 /* HZSVideoPlayerView.swift in Sources */,
				3E137F31224397B4003F2424 /* AppDelegate.swift in Sources */,
			);
			runOnlyForDeploymentPostprocessing = 0;
		};
		3E137F3D224397BF003F2424 /* Sources */ = {
			isa = PBXSourcesBuildPhase;
			buildActionMask = 2147483647;
			files = (
				3E137F46224397BF003F2424 /* VideoPlayerTests.swift in Sources */,
			);
			runOnlyForDeploymentPostprocessing = 0;
		};
		3E137F48224397BF003F2424 /* Sources */ = {
			isa = PBXSourcesBuildPhase;
			buildActionMask = 2147483647;
			files = (
				3E137F51224397BF003F2424 /* VideoPlayerUITests.swift in Sources */,
			);
			runOnlyForDeploymentPostprocessing = 0;
		};
/* End PBXSourcesBuildPhase section */

/* Begin PBXTargetDependency section */
		3E137F43224397BF003F2424 /* PBXTargetDependency */ = {
			isa = PBXTargetDependency;
			target = 3E137F2C224397B4003F2424 /* VideoPlayer */;
			targetProxy = 3E137F42224397BF003F2424 /* PBXContainerItemProxy */;
		};
		3E137F4E224397BF003F2424 /* PBXTargetDependency */ = {
			isa = PBXTargetDependency;
			target = 3E137F2C224397B4003F2424 /* VideoPlayer */;
			targetProxy = 3E137F4D224397BF003F2424 /* PBXContainerItemProxy */;
		};
/* End PBXTargetDependency section */

/* Begin PBXVariantGroup section */
		3E137F34224397B4003F2424 /* Main.storyboard */ = {
			isa = PBXVariantGroup;
			children = (
				3E137F35224397B4003F2424 /* Base */,
			);
			name = Main.storyboard;
			sourceTree = "<group>";
		};
		3E137F39224397BE003F2424 /* LaunchScreen.storyboard */ = {
			isa = PBXVariantGroup;
			children = (
				3E137F3A224397BE003F2424 /* Base */,
			);
			name = LaunchScreen.storyboard;
			sourceTree = "<group>";
		};
/* End PBXVariantGroup section */

/* Begin XCBuildConfiguration section */
		3E137F53224397BF003F2424 /* Debug */ = {
			isa = XCBuildConfiguration;
			buildSettings = {
				ALWAYS_SEARCH_USER_PATHS = NO;
				CLANG_ANALYZER_NONNULL = YES;
				CLANG_ANALYZER_NUMBER_OBJECT_CONVERSION = YES_AGGRESSIVE;
				CLANG_CXX_LANGUAGE_STANDARD = "gnu++14";
				CLANG_CXX_LIBRARY = "libc++";
				CLANG_ENABLE_MODULES = YES;
				CLANG_ENABLE_OBJC_ARC = YES;
				CLANG_ENABLE_OBJC_WEAK = YES;
				CLANG_WARN_BLOCK_CAPTURE_AUTORELEASING = YES;
				CLANG_WARN_BOOL_CONVERSION = YES;
				CLANG_WARN_COMMA = YES;
				CLANG_WARN_CONSTANT_CONVERSION = YES;
				CLANG_WARN_DEPRECATED_OBJC_IMPLEMENTATIONS = YES;
				CLANG_WARN_DIRECT_OBJC_ISA_USAGE = YES_ERROR;
				CLANG_WARN_DOCUMENTATION_COMMENTS = YES;
				CLANG_WARN_EMPTY_BODY = YES;
				CLANG_WARN_ENUM_CONVERSION = YES;
				CLANG_WARN_INFINITE_RECURSION = YES;
				CLANG_WARN_INT_CONVERSION = YES;
				CLANG_WARN_NON_LITERAL_NULL_CONVERSION = YES;
				CLANG_WARN_OBJC_IMPLICIT_RETAIN_SELF = YES;
				CLANG_WARN_OBJC_LITERAL_CONVERSION = YES;
				CLANG_WARN_OBJC_ROOT_CLASS = YES_ERROR;
				CLANG_WARN_RANGE_LOOP_ANALYSIS = YES;
				CLANG_WARN_STRICT_PROTOTYPES = YES;
				CLANG_WARN_SUSPICIOUS_MOVE = YES;
				CLANG_WARN_UNGUARDED_AVAILABILITY = YES_AGGRESSIVE;
				CLANG_WARN_UNREACHABLE_CODE = YES;
				CLANG_WARN__DUPLICATE_METHOD_MATCH = YES;
				CODE_SIGN_IDENTITY = "iPhone Developer";
				COPY_PHASE_STRIP = NO;
				DEBUG_INFORMATION_FORMAT = dwarf;
				ENABLE_STRICT_OBJC_MSGSEND = YES;
				ENABLE_TESTABILITY = YES;
				GCC_C_LANGUAGE_STANDARD = gnu11;
				GCC_DYNAMIC_NO_PIC = NO;
				GCC_NO_COMMON_BLOCKS = YES;
				GCC_OPTIMIZATION_LEVEL = 0;
				GCC_PREPROCESSOR_DEFINITIONS = (
					"DEBUG=1",
					"$(inherited)",
				);
				GCC_WARN_64_TO_32_BIT_CONVERSION = YES;
				GCC_WARN_ABOUT_RETURN_TYPE = YES_ERROR;
				GCC_WARN_UNDECLARED_SELECTOR = YES;
				GCC_WARN_UNINITIALIZED_AUTOS = YES_AGGRESSIVE;
				GCC_WARN_UNUSED_FUNCTION = YES;
				GCC_WARN_UNUSED_VARIABLE = YES;
				IPHONEOS_DEPLOYMENT_TARGET = 12.2;
				MTL_ENABLE_DEBUG_INFO = INCLUDE_SOURCE;
				MTL_FAST_MATH = YES;
				ONLY_ACTIVE_ARCH = YES;
				SDKROOT = iphoneos;
				SWIFT_ACTIVE_COMPILATION_CONDITIONS = DEBUG;
				SWIFT_OPTIMIZATION_LEVEL = "-Onone";
			};
			name = Debug;
		};
		3E137F54224397BF003F2424 /* Release */ = {
			isa = XCBuildConfiguration;
			buildSettings = {
				ALWAYS_SEARCH_USER_PATHS = NO;
				CLANG_ANALYZER_NONNULL = YES;
				CLANG_ANALYZER_NUMBER_OBJECT_CONVERSION = YES_AGGRESSIVE;
				CLANG_CXX_LANGUAGE_STANDARD = "gnu++14";
				CLANG_CXX_LIBRARY = "libc++";
				CLANG_ENABLE_MODULES = YES;
				CLANG_ENABLE_OBJC_ARC = YES;
				CLANG_ENABLE_OBJC_WEAK = YES;
				CLANG_WARN_BLOCK_CAPTURE_AUTORELEASING = YES;
				CLANG_WARN_BOOL_CONVERSION = YES;
				CLANG_WARN_COMMA = YES;
				CLANG_WARN_CONSTANT_CONVERSION = YES;
				CLANG_WARN_DEPRECATED_OBJC_IMPLEMENTATIONS = YES;
				CLANG_WARN_DIRECT_OBJC_ISA_USAGE = YES_ERROR;
				CLANG_WARN_DOCUMENTATION_COMMENTS = YES;
				CLANG_WARN_EMPTY_BODY = YES;
				CLANG_WARN_ENUM_CONVERSION = YES;
				CLANG_WARN_INFINITE_RECURSION = YES;
				CLANG_WARN_INT_CONVERSION = YES;
				CLANG_WARN_NON_LITERAL_NULL_CONVERSION = YES;
				CLANG_WARN_OBJC_IMPLICIT_RETAIN_SELF = YES;
				CLANG_WARN_OBJC_LITERAL_CONVERSION = YES;
				CLANG_WARN_OBJC_ROOT_CLASS = YES_ERROR;
				CLANG_WARN_RANGE_LOOP_ANALYSIS = YES;
				CLANG_WARN_STRICT_PROTOTYPES = YES;
				CLANG_WARN_SUSPICIOUS_MOVE = YES;
				CLANG_WARN_UNGUARDED_AVAILABILITY = YES_AGGRESSIVE;
				CLANG_WARN_UNREACHABLE_CODE = YES;
				CLANG_WARN__DUPLICATE_METHOD_MATCH = YES;
				CODE_SIGN_IDENTITY = "iPhone Developer";
				COPY_PHASE_STRIP = NO;
				DEBUG_INFORMATION_FORMAT = "dwarf-with-dsym";
				ENABLE_NS_ASSERTIONS = NO;
				ENABLE_STRICT_OBJC_MSGSEND = YES;
				GCC_C_LANGUAGE_STANDARD = gnu11;
				GCC_NO_COMMON_BLOCKS = YES;
				GCC_WARN_64_TO_32_BIT_CONVERSION = YES;
				GCC_WARN_ABOUT_RETURN_TYPE = YES_ERROR;
				GCC_WARN_UNDECLARED_SELECTOR = YES;
				GCC_WARN_UNINITIALIZED_AUTOS = YES_AGGRESSIVE;
				GCC_WARN_UNUSED_FUNCTION = YES;
				GCC_WARN_UNUSED_VARIABLE = YES;
				IPHONEOS_DEPLOYMENT_TARGET = 12.2;
				MTL_ENABLE_DEBUG_INFO = NO;
				MTL_FAST_MATH = YES;
				SDKROOT = iphoneos;
				SWIFT_COMPILATION_MODE = wholemodule;
				SWIFT_OPTIMIZATION_LEVEL = "-O";
				VALIDATE_PRODUCT = YES;
			};
			name = Release;
		};
		3E137F56224397BF003F2424 /* Debug */ = {
			isa = XCBuildConfiguration;
			buildSettings = {
				ASSETCATALOG_COMPILER_APPICON_NAME = AppIcon;
				CODE_SIGN_STYLE = Automatic;
				DEVELOPMENT_TEAM = V7J9AEG93Q;
				INFOPLIST_FILE = VideoPlayer/Info.plist;
				LD_RUNPATH_SEARCH_PATHS = (
					"$(inherited)",
					"@executable_path/Frameworks",
				);
				PRODUCT_BUNDLE_IDENTIFIER = zhihuDailyhuangzishan.VideoPlayer;
				PRODUCT_NAME = "$(TARGET_NAME)";
				SWIFT_VERSION = 5.0;
				TARGETED_DEVICE_FAMILY = "1,2";
			};
			name = Debug;
		};
		3E137F57224397BF003F2424 /* Release */ = {
			isa = XCBuildConfiguration;
			buildSettings = {
				ASSETCATALOG_COMPILER_APPICON_NAME = AppIcon;
				CODE_SIGN_STYLE = Automatic;
				DEVELOPMENT_TEAM = V7J9AEG93Q;
				INFOPLIST_FILE = VideoPlayer/Info.plist;
				LD_RUNPATH_SEARCH_PATHS = (
					"$(inherited)",
					"@executable_path/Frameworks",
				);
				PRODUCT_BUNDLE_IDENTIFIER = zhihuDailyhuangzishan.VideoPlayer;
				PRODUCT_NAME = "$(TARGET_NAME)";
				SWIFT_VERSION = 5.0;
				TARGETED_DEVICE_FAMILY = "1,2";
			};
			name = Release;
		};
		3E137F59224397BF003F2424 /* Debug */ = {
			isa = XCBuildConfiguration;
			buildSettings = {
				ALWAYS_EMBED_SWIFT_STANDARD_LIBRARIES = YES;
				BUNDLE_LOADER = "$(TEST_HOST)";
				CODE_SIGN_STYLE = Automatic;
				DEVELOPMENT_TEAM = V7J9AEG93Q;
				INFOPLIST_FILE = VideoPlayerTests/Info.plist;
				LD_RUNPATH_SEARCH_PATHS = (
					"$(inherited)",
					"@executable_path/Frameworks",
					"@loader_path/Frameworks",
				);
				PRODUCT_BUNDLE_IDENTIFIER = zhihuDailyhuangzishan.VideoPlayerTests;
				PRODUCT_NAME = "$(TARGET_NAME)";
				SWIFT_VERSION = 5.0;
				TARGETED_DEVICE_FAMILY = "1,2";
				TEST_HOST = "$(BUILT_PRODUCTS_DIR)/VideoPlayer.app/VideoPlayer";
			};
			name = Debug;
		};
		3E137F5A224397BF003F2424 /* Release */ = {
			isa = XCBuildConfiguration;
			buildSettings = {
				ALWAYS_EMBED_SWIFT_STANDARD_LIBRARIES = YES;
				BUNDLE_LOADER = "$(TEST_HOST)";
				CODE_SIGN_STYLE = Automatic;
				DEVELOPMENT_TEAM = V7J9AEG93Q;
				INFOPLIST_FILE = VideoPlayerTests/Info.plist;
				LD_RUNPATH_SEARCH_PATHS = (
					"$(inherited)",
					"@executable_path/Frameworks",
					"@loader_path/Frameworks",
				);
				PRODUCT_BUNDLE_IDENTIFIER = zhihuDailyhuangzishan.VideoPlayerTests;
				PRODUCT_NAME = "$(TARGET_NAME)";
				SWIFT_VERSION = 5.0;
				TARGETED_DEVICE_FAMILY = "1,2";
				TEST_HOST = "$(BUILT_PRODUCTS_DIR)/VideoPlayer.app/VideoPlayer";
			};
			name = Release;
		};
		3E137F5C224397BF003F2424 /* Debug */ = {
			isa = XCBuildConfiguration;
			buildSettings = {
				ALWAYS_EMBED_SWIFT_STANDARD_LIBRARIES = YES;
				CODE_SIGN_STYLE = Automatic;
				DEVELOPMENT_TEAM = V7J9AEG93Q;
				INFOPLIST_FILE = VideoPlayerUITests/Info.plist;
				LD_RUNPATH_SEARCH_PATHS = (
					"$(inherited)",
					"@executable_path/Frameworks",
					"@loader_path/Frameworks",
				);
				PRODUCT_BUNDLE_IDENTIFIER = zhihuDailyhuangzishan.VideoPlayerUITests;
				PRODUCT_NAME = "$(TARGET_NAME)";
				SWIFT_VERSION = 5.0;
				TARGETED_DEVICE_FAMILY = "1,2";
				TEST_TARGET_NAME = VideoPlayer;
			};
			name = Debug;
		};
		3E137F5D224397BF003F2424 /* Release */ = {
			isa = XCBuildConfiguration;
			buildSettings = {
				ALWAYS_EMBED_SWIFT_STANDARD_LIBRARIES = YES;
				CODE_SIGN_STYLE = Automatic;
				DEVELOPMENT_TEAM = V7J9AEG93Q;
				INFOPLIST_FILE = VideoPlayerUITests/Info.plist;
				LD_RUNPATH_SEARCH_PATHS = (
					"$(inherited)",
					"@executable_path/Frameworks",
					"@loader_path/Frameworks",
				);
				PRODUCT_BUNDLE_IDENTIFIER = zhihuDailyhuangzishan.VideoPlayerUITests;
				PRODUCT_NAME = "$(TARGET_NAME)";
				SWIFT_VERSION = 5.0;
				TARGETED_DEVICE_FAMILY = "1,2";
				TEST_TARGET_NAME = VideoPlayer;
			};
			name = Release;
		};
/* End XCBuildConfiguration section */

/* Begin XCConfigurationList section */
		3E137F28224397B4003F2424 /* Build configuration list for PBXProject "VideoPlayer" */ = {
			isa = XCConfigurationList;
			buildConfigurations = (
				3E137F53224397BF003F2424 /* Debug */,
				3E137F54224397BF003F2424 /* Release */,
			);
			defaultConfigurationIsVisible = 0;
			defaultConfigurationName = Release;
		};
		3E137F55224397BF003F2424 /* Build configuration list for PBXNativeTarget "VideoPlayer" */ = {
			isa = XCConfigurationList;
			buildConfigurations = (
				3E137F56224397BF003F2424 /* Debug */,
				3E137F57224397BF003F2424 /* Release */,
			);
			defaultConfigurationIsVisible = 0;
			defaultConfigurationName = Release;
		};
		3E137F58224397BF003F2424 /* Build configuration list for PBXNativeTarget "VideoPlayerTests" */ = {
			isa = XCConfigurationList;
			buildConfigurations = (
				3E137F59224397BF003F2424 /* Debug */,
				3E137F5A224397BF003F2424 /* Release */,
			);
			defaultConfigurationIsVisible = 0;
			defaultConfigurationName = Release;
		};
		3E137F5B224397BF003F2424 /* Build configuration list for PBXNativeTarget "VideoPlayerUITests" */ = {
			isa = XCConfigurationList;
			buildConfigurations = (
				3E137F5C224397BF003F2424 /* Debug */,
				3E137F5D224397BF003F2424 /* Release */,
			);
			defaultConfigurationIsVisible = 0;
			defaultConfigurationName = Release;
		};
/* End XCConfigurationList section */
	};
	rootObject = 3E137F25224397B4003F2424 /* Project object */;
}
